
Microsoft Visual Studio Solution File, Format Version 12.00
# Visual Studio Version 17
VisualStudioVersion = 17.14.36518.9 d17.14
MinimumVisualStudioVersion = 10.0.40219.1
Project("{54A90642-561A-4BB1-A94E-469ADEE60C69}") = "foodinventorysystem.client", "foodinventorysystem.client\foodinventorysystem.client.esproj", "{B6B4036F-564A-73CC-A014-42610A37D356}"
EndProject
Project("{FAE04EC0-301F-11D3-BF4B-00C04F79EFBC}") = "FoodInventorySystem.Server", "FoodInventorySystem.Server\FoodInventorySystem.Server.csproj", "{7B78D50B-CDCE-40D4-85D8-206007E634F6}"
EndProject
Global
	GlobalSection(SolutionConfigurationPlatforms) = preSolution
		Debug|Any CPU = Debug|Any CPU
		Release|Any CPU = Release|Any CPU
	EndGlobalSection
	GlobalSection(ProjectConfigurationPlatforms) = postSolution
		{B6B4036F-564A-73CC-A014-42610A37D356}.Debug|Any CPU.ActiveCfg = Debug|Any CPU
		{B6B4036F-564A-73CC-A014-42610A37D356}.Debug|Any CPU.Build.0 = Debug|Any CPU
		{B6B4036F-564A-73CC-A014-42610A37D356}.Debug|Any CPU.Deploy.0 = Debug|Any CPU
		{B6B4036F-564A-73CC-A014-42610A37D356}.Release|Any CPU.ActiveCfg = Release|Any CPU
		{B6B4036F-564A-73CC-A014-42610A37D356}.Release|Any CPU.Build.0 = Release|Any CPU
		{B6B4036F-564A-73CC-A014-42610A37D356}.Release|Any CPU.Deploy.0 = Release|Any CPU
		{7B78D50B-CDCE-40D4-85D8-206007E634F6}.Debug|Any CPU.ActiveCfg = Debug|Any CPU
		{7B78D50B-CDCE-40D4-85D8-206007E634F6}.Debug|Any CPU.Build.0 = Debug|Any CPU
		{7B78D50B-CDCE-40D4-85D8-206007E634F6}.Release|Any CPU.ActiveCfg = Release|Any CPU
		{7B78D50B-CDCE-40D4-85D8-206007E634F6}.Release|Any CPU.Build.0 = Release|Any CPU
	EndGlobalSection
	GlobalSection(SolutionProperties) = preSolution
		HideSolutionNode = FALSE
	EndGlobalSection
	GlobalSection(ExtensibilityGlobals) = postSolution
		SolutionGuid = {DC29BED5-5CDA-4C32-BA38-5C467F5A858B}
	EndGlobalSection
EndGlobal
